
Microsoft Visual Studio Solution File, Format Version 12.00
# Visual Studio Version 17
VisualStudioVersion = 17.1.32414.318
MinimumVisualStudioVersion = 10.0.40219.1
Project("{FAE04EC0-301F-11D3-BF4B-00C04F79EFBC}") = "Testing.Randoms", "Testing.Randoms.csproj", "{B724F792-0773-4102-B931-94A3C68E0B86}"
EndProject
Project("{2150E333-8FDC-42A3-9474-1A3956D46DE8}") = "Solution Items", "Solution Items", "{BE3A890F-8452-41A6-BF2B-390F2D81EA35}"
	ProjectSection(SolutionItems) = preProject
		..\..\.github\workflows\cd-build-gate.yml = ..\..\.github\workflows\cd-build-gate.yml
		..\..\.github\workflows\cd-build.yml = ..\..\.github\workflows\cd-build.yml
		..\..\.github\workflows\codeql-analysis.yml = ..\..\.github\workflows\codeql-analysis.yml
	EndProjectSection
EndProject
Global
	GlobalSection(SolutionConfigurationPlatforms) = preSolution
		Debug|Any CPU = Debug|Any CPU
		Release|Any CPU = Release|Any CPU
	EndGlobalSection
	GlobalSection(ProjectConfigurationPlatforms) = postSolution
		{B724F792-0773-4102-B931-94A3C68E0B86}.Debug|Any CPU.ActiveCfg = Debug|Any CPU
		{B724F792-0773-4102-B931-94A3C68E0B86}.Debug|Any CPU.Build.0 = Debug|Any CPU
		{B724F792-0773-4102-B931-94A3C68E0B86}.Release|Any CPU.ActiveCfg = Release|Any CPU
		{B724F792-0773-4102-B931-94A3C68E0B86}.Release|Any CPU.Build.0 = Release|Any CPU
	EndGlobalSection
	GlobalSection(SolutionProperties) = preSolution
		HideSolutionNode = FALSE
	EndGlobalSection
	GlobalSection(ExtensibilityGlobals) = postSolution
		SolutionGuid = {56FF0D6D-66E4-4DC3-AFE7-4900165D4221}
	EndGlobalSection
EndGlobal
